
Microsoft Visual Studio Solution File, Format Version 12.00
# Visual Studio 15
VisualStudioVersion = 15.0.26228.4
MinimumVisualStudioVersion = 10.0.40219.1
Project("{FAE04EC0-301F-11D3-BF4B-00C04F79EFBC}") = "FSE.Assignment23.WebAPI", "WebAPI\FSE.Assignment23.WebAPI\FSE.Assignment23.WebAPI.csproj", "{DDA6BA4A-67DB-44A7-AD41-42E6664382FF}"
EndProject
Project("{FAE04EC0-301F-11D3-BF4B-00C04F79EFBC}") = "FSE.Assignment23.WebAPI.Tests", "FSE.Assignment23.WebAPI.Tests\FSE.Assignment23.WebAPI.Tests.csproj", "{0119FD58-29C8-414E-A4CA-00F6251B8FB4}"
EndProject
Project("{2150E333-8FDC-42A3-9474-1A3956D46DE8}") = "WebAPI", "WebAPI", "{25281C20-D58A-49BA-98C2-1BD45B35E80A}"
EndProject
Project("{2150E333-8FDC-42A3-9474-1A3956D46DE8}") = "Client", "Client", "{7EC0A51F-64B0-4B7F-AB2A-D4F58EF0A4B2}"
EndProject
Project("{FAE04EC0-301F-11D3-BF4B-00C04F79EFBC}") = "FSE.Assignment23.MVC", "Client\FSE.Assignment23.MVC\FSE.Assignment23.MVC.csproj", "{788984DA-42E5-4E4F-A700-E61DC7975DF5}"
EndProject
Project("{FAE04EC0-301F-11D3-BF4B-00C04F79EFBC}") = "FSE.Assignment23.MVC.Tests", "FSE.Assignment23.MVC.Tests\FSE.Assignment23.MVC.Tests.csproj", "{7AA168AF-8CA8-4D91-8E92-A2D3F6875067}"
EndProject
Project("{2150E333-8FDC-42A3-9474-1A3956D46DE8}") = "DAL", "DAL", "{9E25B3EF-5C12-46B7-9A11-384497E03C91}"
EndProject
Project("{FAE04EC0-301F-11D3-BF4B-00C04F79EFBC}") = "FSE.Assignment23.DataAccess", "DAL\FSE.Assignment23.DataAccess\FSE.Assignment23.DataAccess.csproj", "{F407CF84-2CEC-4959-8F6B-7BEA57D81047}"
EndProject
Global
	GlobalSection(SolutionConfigurationPlatforms) = preSolution
		Debug|Any CPU = Debug|Any CPU
		Release|Any CPU = Release|Any CPU
	EndGlobalSection
	GlobalSection(ProjectConfigurationPlatforms) = postSolution
		{DDA6BA4A-67DB-44A7-AD41-42E6664382FF}.Debug|Any CPU.ActiveCfg = Debug|Any CPU
		{DDA6BA4A-67DB-44A7-AD41-42E6664382FF}.Debug|Any CPU.Build.0 = Debug|Any CPU
		{DDA6BA4A-67DB-44A7-AD41-42E6664382FF}.Release|Any CPU.ActiveCfg = Release|Any CPU
		{DDA6BA4A-67DB-44A7-AD41-42E6664382FF}.Release|Any CPU.Build.0 = Release|Any CPU
		{0119FD58-29C8-414E-A4CA-00F6251B8FB4}.Debug|Any CPU.ActiveCfg = Debug|Any CPU
		{0119FD58-29C8-414E-A4CA-00F6251B8FB4}.Debug|Any CPU.Build.0 = Debug|Any CPU
		{0119FD58-29C8-414E-A4CA-00F6251B8FB4}.Release|Any CPU.ActiveCfg = Release|Any CPU
		{0119FD58-29C8-414E-A4CA-00F6251B8FB4}.Release|Any CPU.Build.0 = Release|Any CPU
		{788984DA-42E5-4E4F-A700-E61DC7975DF5}.Debug|Any CPU.ActiveCfg = Debug|Any CPU
		{788984DA-42E5-4E4F-A700-E61DC7975DF5}.Debug|Any CPU.Build.0 = Debug|Any CPU
		{788984DA-42E5-4E4F-A700-E61DC7975DF5}.Release|Any CPU.ActiveCfg = Release|Any CPU
		{788984DA-42E5-4E4F-A700-E61DC7975DF5}.Release|Any CPU.Build.0 = Release|Any CPU
		{7AA168AF-8CA8-4D91-8E92-A2D3F6875067}.Debug|Any CPU.ActiveCfg = Debug|Any CPU
		{7AA168AF-8CA8-4D91-8E92-A2D3F6875067}.Debug|Any CPU.Build.0 = Debug|Any CPU
		{7AA168AF-8CA8-4D91-8E92-A2D3F6875067}.Release|Any CPU.ActiveCfg = Release|Any CPU
		{7AA168AF-8CA8-4D91-8E92-A2D3F6875067}.Release|Any CPU.Build.0 = Release|Any CPU
		{F407CF84-2CEC-4959-8F6B-7BEA57D81047}.Debug|Any CPU.ActiveCfg = Debug|Any CPU
		{F407CF84-2CEC-4959-8F6B-7BEA57D81047}.Debug|Any CPU.Build.0 = Debug|Any CPU
		{F407CF84-2CEC-4959-8F6B-7BEA57D81047}.Release|Any CPU.ActiveCfg = Release|Any CPU
		{F407CF84-2CEC-4959-8F6B-7BEA57D81047}.Release|Any CPU.Build.0 = Release|Any CPU
	EndGlobalSection
	GlobalSection(SolutionProperties) = preSolution
		HideSolutionNode = FALSE
	EndGlobalSection
	GlobalSection(NestedProjects) = preSolution
		{DDA6BA4A-67DB-44A7-AD41-42E6664382FF} = {25281C20-D58A-49BA-98C2-1BD45B35E80A}
		{0119FD58-29C8-414E-A4CA-00F6251B8FB4} = {25281C20-D58A-49BA-98C2-1BD45B35E80A}
		{788984DA-42E5-4E4F-A700-E61DC7975DF5} = {7EC0A51F-64B0-4B7F-AB2A-D4F58EF0A4B2}
		{7AA168AF-8CA8-4D91-8E92-A2D3F6875067} = {7EC0A51F-64B0-4B7F-AB2A-D4F58EF0A4B2}
		{F407CF84-2CEC-4959-8F6B-7BEA57D81047} = {9E25B3EF-5C12-46B7-9A11-384497E03C91}
	EndGlobalSection
EndGlobal
